
Microsoft Visual Studio Solution File, Format Version 11.00
# Visual Studio 2010
Project("{FAE04EC0-301F-11D3-BF4B-00C04F79EFBC}") = "AppKataCsvViewer", "AppKataCsvViewer\AppKataCsvViewer.csproj", "{E5524133-BF0B-430D-91C8-118FF0F8080C}"
EndProject
Project("{FAE04EC0-301F-11D3-BF4B-00C04F79EFBC}") = "AppKataCsvViewerEndToEndTests", "AppKataCsvViewerTests\AppKataCsvViewerEndToEndTests.csproj", "{622DF3F4-64EC-46AE-ADCC-252DAE083E12}"
EndProject
Project("{FAE04EC0-301F-11D3-BF4B-00C04F79EFBC}") = "AppKataCsvViewerSpikes", "AppKataCsvViewerSpikes\AppKataCsvViewerSpikes.csproj", "{53BEBE85-3164-4794-B1B1-AA3912F9273D}"
EndProject
Project("{FAE04EC0-301F-11D3-BF4B-00C04F79EFBC}") = "AppKataCsvViewerUnitTests", "AppKataCsvViewerUnitTests\AppKataCsvViewerUnitTests.csproj", "{616879E7-0268-45B0-AE5C-67212B4C2BFD}"
EndProject
Global
	GlobalSection(SolutionConfigurationPlatforms) = preSolution
		Debug|Any CPU = Debug|Any CPU
		Release|Any CPU = Release|Any CPU
	EndGlobalSection
	GlobalSection(ProjectConfigurationPlatforms) = postSolution
		{E5524133-BF0B-430D-91C8-118FF0F8080C}.Debug|Any CPU.ActiveCfg = Debug|Any CPU
		{E5524133-BF0B-430D-91C8-118FF0F8080C}.Debug|Any CPU.Build.0 = Debug|Any CPU
		{E5524133-BF0B-430D-91C8-118FF0F8080C}.Release|Any CPU.ActiveCfg = Release|Any CPU
		{E5524133-BF0B-430D-91C8-118FF0F8080C}.Release|Any CPU.Build.0 = Release|Any CPU
		{622DF3F4-64EC-46AE-ADCC-252DAE083E12}.Debug|Any CPU.ActiveCfg = Debug|Any CPU
		{622DF3F4-64EC-46AE-ADCC-252DAE083E12}.Debug|Any CPU.Build.0 = Debug|Any CPU
		{622DF3F4-64EC-46AE-ADCC-252DAE083E12}.Release|Any CPU.ActiveCfg = Release|Any CPU
		{622DF3F4-64EC-46AE-ADCC-252DAE083E12}.Release|Any CPU.Build.0 = Release|Any CPU
		{53BEBE85-3164-4794-B1B1-AA3912F9273D}.Debug|Any CPU.ActiveCfg = Debug|Any CPU
		{53BEBE85-3164-4794-B1B1-AA3912F9273D}.Debug|Any CPU.Build.0 = Debug|Any CPU
		{53BEBE85-3164-4794-B1B1-AA3912F9273D}.Release|Any CPU.ActiveCfg = Release|Any CPU
		{53BEBE85-3164-4794-B1B1-AA3912F9273D}.Release|Any CPU.Build.0 = Release|Any CPU
		{616879E7-0268-45B0-AE5C-67212B4C2BFD}.Debug|Any CPU.ActiveCfg = Debug|Any CPU
		{616879E7-0268-45B0-AE5C-67212B4C2BFD}.Debug|Any CPU.Build.0 = Debug|Any CPU
		{616879E7-0268-45B0-AE5C-67212B4C2BFD}.Release|Any CPU.ActiveCfg = Release|Any CPU
		{616879E7-0268-45B0-AE5C-67212B4C2BFD}.Release|Any CPU.Build.0 = Release|Any CPU
	EndGlobalSection
	GlobalSection(SolutionProperties) = preSolution
		HideSolutionNode = FALSE
	EndGlobalSection
EndGlobal
